
Microsoft Visual Studio Solution File, Format Version 12.00
# Visual Studio Version 16
VisualStudioVersion = 16.0.30907.101
MinimumVisualStudioVersion = 10.0.40219.1
Project("{F184B08F-C81C-45F6-A57F-5ABD9991F28F}") = "Wisej.jSequence", "Wisej.jSequence\Wisej.jSequence.vbproj", "{1277DEA4-ACDE-0822-3CF9-6F60CDA2C9A0}"
EndProject
Global
	GlobalSection(SolutionConfigurationPlatforms) = preSolution
		Debug|Any CPU = Debug|Any CPU
		Release|Any CPU = Release|Any CPU
	EndGlobalSection
	GlobalSection(ProjectConfigurationPlatforms) = postSolution
		{1277DEA4-ACDE-0822-3CF9-6F60CDA2C9A0}.Debug|Any CPU.ActiveCfg = Debug|Any CPU
		{1277DEA4-ACDE-0822-3CF9-6F60CDA2C9A0}.Debug|Any CPU.Build.0 = Debug|Any CPU
		{1277DEA4-ACDE-0822-3CF9-6F60CDA2C9A0}.Release|Any CPU.ActiveCfg = Release|Any CPU
		{1277DEA4-ACDE-0822-3CF9-6F60CDA2C9A0}.Release|Any CPU.Build.0 = Release|Any CPU
	EndGlobalSection
	GlobalSection(SolutionProperties) = preSolution
		HideSolutionNode = FALSE
	EndGlobalSection
	GlobalSection(ExtensibilityGlobals) = postSolution
		SolutionGuid = {DCF8EC3B-CFC1-4D1F-B9A7-5C70FD341471}
	EndGlobalSection
EndGlobal
