
Microsoft Visual Studio Solution File, Format Version 12.00
# Visual Studio Version 16
VisualStudioVersion = 16.0.30717.126
MinimumVisualStudioVersion = 10.0.40219.1
Project("{F184B08F-C81C-45F6-A57F-5ABD9991F28F}") = "Wisej.OfficeViewer", "Wisej.OfficeViewer\Wisej.OfficeViewer.vbproj", "{A9830BEA-6BC9-4BDA-9788-004D0BE7B030}"
EndProject
Global
	GlobalSection(SolutionConfigurationPlatforms) = preSolution
		Debug|Any CPU = Debug|Any CPU
		Release|Any CPU = Release|Any CPU
	EndGlobalSection
	GlobalSection(ProjectConfigurationPlatforms) = postSolution
		{A9830BEA-6BC9-4BDA-9788-004D0BE7B030}.Debug|Any CPU.ActiveCfg = Debug|Any CPU
		{A9830BEA-6BC9-4BDA-9788-004D0BE7B030}.Debug|Any CPU.Build.0 = Debug|Any CPU
		{A9830BEA-6BC9-4BDA-9788-004D0BE7B030}.Release|Any CPU.ActiveCfg = Release|Any CPU
		{A9830BEA-6BC9-4BDA-9788-004D0BE7B030}.Release|Any CPU.Build.0 = Release|Any CPU
	EndGlobalSection
	GlobalSection(SolutionProperties) = preSolution
		HideSolutionNode = FALSE
	EndGlobalSection
	GlobalSection(ExtensibilityGlobals) = postSolution
		SolutionGuid = {98132C74-1E8C-46F3-9139-0C71374772E2}
	EndGlobalSection
EndGlobal
