
Microsoft Visual Studio Solution File, Format Version 12.00
# Visual Studio Version 17
VisualStudioVersion = 17.2.32602.215
MinimumVisualStudioVersion = 10.0.40219.1
Project("{F184B08F-C81C-45F6-A57F-5ABD9991F28F}") = "DataGridViewSummaryRows", "DataGridViewSummaryRows\DataGridViewSummaryRows.vbproj", "{BC4614CF-2367-497E-8CE2-F80BB088ECF8}"
EndProject
Global
	GlobalSection(SolutionConfigurationPlatforms) = preSolution
		Debug|Any CPU = Debug|Any CPU
		Release|Any CPU = Release|Any CPU
	EndGlobalSection
	GlobalSection(ProjectConfigurationPlatforms) = postSolution
		{BC4614CF-2367-497E-8CE2-F80BB088ECF8}.Debug|Any CPU.ActiveCfg = Debug|Any CPU
		{BC4614CF-2367-497E-8CE2-F80BB088ECF8}.Debug|Any CPU.Build.0 = Debug|Any CPU
		{BC4614CF-2367-497E-8CE2-F80BB088ECF8}.Release|Any CPU.ActiveCfg = Release|Any CPU
		{BC4614CF-2367-497E-8CE2-F80BB088ECF8}.Release|Any CPU.Build.0 = Release|Any CPU
	EndGlobalSection
	GlobalSection(SolutionProperties) = preSolution
		HideSolutionNode = FALSE
	EndGlobalSection
	GlobalSection(ExtensibilityGlobals) = postSolution
		SolutionGuid = {A193BAED-A077-4DF8-B053-5A424924CFE2}
	EndGlobalSection
EndGlobal
