
Microsoft Visual Studio Solution File, Format Version 12.00
# Visual Studio Version 16
VisualStudioVersion = 16.0.31424.327
MinimumVisualStudioVersion = 10.0.40219.1
Project("{F184B08F-C81C-45F6-A57F-5ABD9991F28F}") = "WiseJ.DataGridViewSummaryRows", "WiseJ.DataGridViewSummaryRows\WiseJ.DataGridViewSummaryRows.vbproj", "{B37BCFC5-2011-4B4C-A75A-7090D46BA6A4}"
EndProject
Global
	GlobalSection(SolutionConfigurationPlatforms) = preSolution
		Debug|Any CPU = Debug|Any CPU
		Release|Any CPU = Release|Any CPU
	EndGlobalSection
	GlobalSection(ProjectConfigurationPlatforms) = postSolution
		{B37BCFC5-2011-4B4C-A75A-7090D46BA6A4}.Debug|Any CPU.ActiveCfg = Debug|Any CPU
		{B37BCFC5-2011-4B4C-A75A-7090D46BA6A4}.Debug|Any CPU.Build.0 = Debug|Any CPU
		{B37BCFC5-2011-4B4C-A75A-7090D46BA6A4}.Release|Any CPU.ActiveCfg = Release|Any CPU
		{B37BCFC5-2011-4B4C-A75A-7090D46BA6A4}.Release|Any CPU.Build.0 = Release|Any CPU
	EndGlobalSection
	GlobalSection(SolutionProperties) = preSolution
		HideSolutionNode = FALSE
	EndGlobalSection
	GlobalSection(ExtensibilityGlobals) = postSolution
		SolutionGuid = {42477437-CB9C-4E68-9C0B-BA5DD58A2215}
	EndGlobalSection
EndGlobal
