
Microsoft Visual Studio Solution File, Format Version 12.00
# Visual Studio Version 16
VisualStudioVersion = 16.0.30717.126
MinimumVisualStudioVersion = 10.0.40219.1
Project("{F184B08F-C81C-45F6-A57F-5ABD9991F28F}") = "MDIExample", "MDIExample\MDIExample.vbproj", "{0EAFBC7B-B5EF-4AF1-A669-6934949E2149}"
EndProject
Global
	GlobalSection(SolutionConfigurationPlatforms) = preSolution
		Debug|Any CPU = Debug|Any CPU
		Release|Any CPU = Release|Any CPU
	EndGlobalSection
	GlobalSection(ProjectConfigurationPlatforms) = postSolution
		{0EAFBC7B-B5EF-4AF1-A669-6934949E2149}.Debug|Any CPU.ActiveCfg = Debug|Any CPU
		{0EAFBC7B-B5EF-4AF1-A669-6934949E2149}.Debug|Any CPU.Build.0 = Debug|Any CPU
		{0EAFBC7B-B5EF-4AF1-A669-6934949E2149}.Release|Any CPU.ActiveCfg = Release|Any CPU
		{0EAFBC7B-B5EF-4AF1-A669-6934949E2149}.Release|Any CPU.Build.0 = Release|Any CPU
	EndGlobalSection
	GlobalSection(SolutionProperties) = preSolution
		HideSolutionNode = FALSE
	EndGlobalSection
	GlobalSection(ExtensibilityGlobals) = postSolution
		SolutionGuid = {9F16F7F7-41F9-4251-806E-86395B85209B}
	EndGlobalSection
EndGlobal
