
Microsoft Visual Studio Solution File, Format Version 12.00
# Visual Studio Version 16
VisualStudioVersion = 16.0.30717.126
MinimumVisualStudioVersion = 10.0.40219.1
Project("{F184B08F-C81C-45F6-A57F-5ABD9991F28F}") = "TourPanelSample", "TourPanelSample\TourPanelSample.vbproj", "{F726FD3C-816F-4007-AE77-ABD5731CF9FE}"
EndProject
Global
	GlobalSection(SolutionConfigurationPlatforms) = preSolution
		Debug|Any CPU = Debug|Any CPU
		Release|Any CPU = Release|Any CPU
	EndGlobalSection
	GlobalSection(ProjectConfigurationPlatforms) = postSolution
		{F726FD3C-816F-4007-AE77-ABD5731CF9FE}.Debug|Any CPU.ActiveCfg = Debug|Any CPU
		{F726FD3C-816F-4007-AE77-ABD5731CF9FE}.Debug|Any CPU.Build.0 = Debug|Any CPU
		{F726FD3C-816F-4007-AE77-ABD5731CF9FE}.Release|Any CPU.ActiveCfg = Release|Any CPU
		{F726FD3C-816F-4007-AE77-ABD5731CF9FE}.Release|Any CPU.Build.0 = Release|Any CPU
	EndGlobalSection
	GlobalSection(SolutionProperties) = preSolution
		HideSolutionNode = FALSE
	EndGlobalSection
	GlobalSection(ExtensibilityGlobals) = postSolution
		SolutionGuid = {318F5A87-7E6A-4B32-AB42-AE7686D7F88C}
	EndGlobalSection
EndGlobal
