
Microsoft Visual Studio Solution File, Format Version 12.00
# Visual Studio Version 16
VisualStudioVersion = 16.0.30717.126
MinimumVisualStudioVersion = 10.0.40219.1
Project("{F184B08F-C81C-45F6-A57F-5ABD9991F28F}") = "Wisej.DataRepeaterDragDrop", "Wisej.DataRepeaterDragDrop\Wisej.DataRepeaterDragDrop.vbproj", "{FF96943E-4F08-4066-BFF9-C093EBB62377}"
EndProject
Global
	GlobalSection(SolutionConfigurationPlatforms) = preSolution
		Debug|Any CPU = Debug|Any CPU
		Release|Any CPU = Release|Any CPU
	EndGlobalSection
	GlobalSection(ProjectConfigurationPlatforms) = postSolution
		{FF96943E-4F08-4066-BFF9-C093EBB62377}.Debug|Any CPU.ActiveCfg = Debug|Any CPU
		{FF96943E-4F08-4066-BFF9-C093EBB62377}.Debug|Any CPU.Build.0 = Debug|Any CPU
		{FF96943E-4F08-4066-BFF9-C093EBB62377}.Release|Any CPU.ActiveCfg = Release|Any CPU
		{FF96943E-4F08-4066-BFF9-C093EBB62377}.Release|Any CPU.Build.0 = Release|Any CPU
	EndGlobalSection
	GlobalSection(SolutionProperties) = preSolution
		HideSolutionNode = FALSE
	EndGlobalSection
	GlobalSection(ExtensibilityGlobals) = postSolution
		SolutionGuid = {106AFBF2-E3CE-4330-8381-3E0A6B5391A2}
	EndGlobalSection
EndGlobal
