
Microsoft Visual Studio Solution File, Format Version 12.00
# Visual Studio Version 16
VisualStudioVersion = 16.0.30717.126
MinimumVisualStudioVersion = 10.0.40219.1
Project("{F184B08F-C81C-45F6-A57F-5ABD9991F28F}") = "Integration1", "Integration1\Integration1.vbproj", "{57577CD8-9B1A-4AEA-B63A-EF8FD5675D06}"
EndProject
Global
	GlobalSection(SolutionConfigurationPlatforms) = preSolution
		Debug|Any CPU = Debug|Any CPU
		Release|Any CPU = Release|Any CPU
	EndGlobalSection
	GlobalSection(ProjectConfigurationPlatforms) = postSolution
		{57577CD8-9B1A-4AEA-B63A-EF8FD5675D06}.Debug|Any CPU.ActiveCfg = Debug|Any CPU
		{57577CD8-9B1A-4AEA-B63A-EF8FD5675D06}.Debug|Any CPU.Build.0 = Debug|Any CPU
		{57577CD8-9B1A-4AEA-B63A-EF8FD5675D06}.Release|Any CPU.ActiveCfg = Release|Any CPU
		{57577CD8-9B1A-4AEA-B63A-EF8FD5675D06}.Release|Any CPU.Build.0 = Release|Any CPU
	EndGlobalSection
	GlobalSection(SolutionProperties) = preSolution
		HideSolutionNode = FALSE
	EndGlobalSection
	GlobalSection(ExtensibilityGlobals) = postSolution
		SolutionGuid = {155BA02B-57F6-4B8A-A470-3786D7FD9123}
	EndGlobalSection
EndGlobal
