
Microsoft Visual Studio Solution File, Format Version 12.00
# Visual Studio Version 16
VisualStudioVersion = 16.0.31229.75
MinimumVisualStudioVersion = 10.0.40219.1
Project("{F184B08F-C81C-45F6-A57F-5ABD9991F28F}") = "Wisej.Notification", "Wisej.Notification\Wisej.Notification.vbproj", "{346B8487-AD04-435D-95C1-08310F83E6AB}"
EndProject
Global
	GlobalSection(SolutionConfigurationPlatforms) = preSolution
		Debug|Any CPU = Debug|Any CPU
		Release|Any CPU = Release|Any CPU
	EndGlobalSection
	GlobalSection(ProjectConfigurationPlatforms) = postSolution
		{346B8487-AD04-435D-95C1-08310F83E6AB}.Debug|Any CPU.ActiveCfg = Debug|Any CPU
		{346B8487-AD04-435D-95C1-08310F83E6AB}.Debug|Any CPU.Build.0 = Debug|Any CPU
		{346B8487-AD04-435D-95C1-08310F83E6AB}.Release|Any CPU.ActiveCfg = Release|Any CPU
		{346B8487-AD04-435D-95C1-08310F83E6AB}.Release|Any CPU.Build.0 = Release|Any CPU
	EndGlobalSection
	GlobalSection(SolutionProperties) = preSolution
		HideSolutionNode = FALSE
	EndGlobalSection
	GlobalSection(ExtensibilityGlobals) = postSolution
		SolutionGuid = {2B28E39C-8C08-427E-BD47-129796800335}
	EndGlobalSection
EndGlobal
