
Microsoft Visual Studio Solution File, Format Version 12.00
# Visual Studio Version 16
VisualStudioVersion = 16.0.30717.126
MinimumVisualStudioVersion = 10.0.40219.1
Project("{F184B08F-C81C-45F6-A57F-5ABD9991F28F}") = "TetrisBoxWisej", "TetrisBoxWisej\TetrisBoxWisej.vbproj", "{55BBB9D2-03AC-4D90-BF68-07D721D4924A}"
EndProject
Project("{F184B08F-C81C-45F6-A57F-5ABD9991F28F}") = "TetrisBoxTest", "TetrisBoxWinform\TetrisBoxTest.vbproj", "{DD349436-313C-4E3B-A418-A3BBAC7428C9}"
EndProject
Global
	GlobalSection(SolutionConfigurationPlatforms) = preSolution
		Debug|Any CPU = Debug|Any CPU
		Release|Any CPU = Release|Any CPU
	EndGlobalSection
	GlobalSection(ProjectConfigurationPlatforms) = postSolution
		{55BBB9D2-03AC-4D90-BF68-07D721D4924A}.Debug|Any CPU.ActiveCfg = Debug|Any CPU
		{55BBB9D2-03AC-4D90-BF68-07D721D4924A}.Debug|Any CPU.Build.0 = Debug|Any CPU
		{55BBB9D2-03AC-4D90-BF68-07D721D4924A}.Release|Any CPU.ActiveCfg = Release|Any CPU
		{55BBB9D2-03AC-4D90-BF68-07D721D4924A}.Release|Any CPU.Build.0 = Release|Any CPU
		{DD349436-313C-4E3B-A418-A3BBAC7428C9}.Debug|Any CPU.ActiveCfg = Debug|Any CPU
		{DD349436-313C-4E3B-A418-A3BBAC7428C9}.Debug|Any CPU.Build.0 = Debug|Any CPU
		{DD349436-313C-4E3B-A418-A3BBAC7428C9}.Release|Any CPU.ActiveCfg = Release|Any CPU
		{DD349436-313C-4E3B-A418-A3BBAC7428C9}.Release|Any CPU.Build.0 = Release|Any CPU
	EndGlobalSection
	GlobalSection(SolutionProperties) = preSolution
		HideSolutionNode = FALSE
	EndGlobalSection
	GlobalSection(ExtensibilityGlobals) = postSolution
		SolutionGuid = {29F16223-881D-4B7F-97B0-363516544A34}
	EndGlobalSection
EndGlobal
